# THIS IS AN AUTOGENERATED FILE. DO NOT EDIT THIS FILE DIRECTLY.
# yarn lockfile v1


better-queue-memory@^1.0.1:
  version "1.0.4"
  resolved "https://registry.yarnpkg.com/better-queue-memory/-/better-queue-memory-1.0.4.tgz#f390d6b30bb3b36aaf2ce52b37a483e8a7a81a22"
  integrity sha512-SWg5wFIShYffEmJpI6LgbL8/3Dqhku7xI1oEiy6FroP9DbcZlG0ZDjxvPdP9t7hTGW40IpIcC6zVoGT1oxjOuA==

better-queue@^3.8.10:
  version "3.8.10"
  resolved "https://registry.yarnpkg.com/better-queue/-/better-queue-3.8.10.tgz#1c93b9ec4cb3d1b72eb91d0efcb84fc80e8c6835"
  integrity sha512-e3gwNZgDCnNWl0An0Tz6sUjKDV9m6aB+K9Xg//vYeo8+KiH8pWhLFxkawcXhm6FpM//GfD9IQv/kmvWCAVVpKA==
  dependencies:
    better-queue-memory "^1.0.1"
    node-eta "^0.9.0"
    uuid "^3.0.0"

node-eta@^0.9.0:
  version "0.9.0"
  resolved "https://registry.yarnpkg.com/node-eta/-/node-eta-0.9.0.tgz#9fb0b099bcd2a021940e603c64254dc003d9a7a8"
  integrity sha1-n7CwmbzSoCGUDmA8ZCVNwAPZp6g=

uuid@^3.0.0:
  version "3.4.0"
  resolved "https://registry.yarnpkg.com/uuid/-/uuid-3.4.0.tgz#b23e4358afa8a202fe7a100af1f5f883f02007ee"
  integrity sha512-HjSDRw6gZE5JMggctHBcjVak08+KEVhSIiDzFnT9S9aegmp85S/bReBVTb4QTFaRNptJ9kuYaNhnbNEOkbKb/A==
